
Microsoft Visual Studio Solution File, Format Version 12.00
# Visual Studio Version 17
VisualStudioVersion = 17.11.35303.130
MinimumVisualStudioVersion = 10.0.40219.1
Project("{9A19103F-16F7-4668-BE54-9A1E7A4F7556}") = "Tyuiu.BaimuhametovaMD.Sprint3.Task0.V26", "Tyuiu.BaimuhametovaMD.Sprint3.Task0.V26\Tyuiu.BaimuhametovaMD.Sprint3.Task0.V26.csproj", "{ECA9BC06-E52B-4155-B9F9-AFD86684AB1C}"
EndProject
Project("{9A19103F-16F7-4668-BE54-9A1E7A4F7556}") = "Tyuiu.BaimuhametovaMD.Sprint3.Task0.V26.Test", "Tyuiu.BaimuhametovaMD.Sprint3.Task0.V26.Test\Tyuiu.BaimuhametovaMD.Sprint3.Task0.V26.Test.csproj", "{134AF76B-7EE1-4215-8EB7-4465A411558D}"
EndProject
Project("{2150E333-8FDC-42A3-9474-1A3956D46DE8}") = "Task0", "Task0", "{A93E933F-E8CB-49A5-B79E-3DB0E28A9006}"
EndProject
Project("{9A19103F-16F7-4668-BE54-9A1E7A4F7556}") = "Tyuiu.BaimuhametovaMD.Sprint3.Task0.V26.Lib", "Tyuiu.BaimuhametovaMD.Sprint3.Task0.V26.Lib\Tyuiu.BaimuhametovaMD.Sprint3.Task0.V26.Lib.csproj", "{88C72BC1-6080-4F06-B51D-3CB8DF628B19}"
EndProject
Project("{2150E333-8FDC-42A3-9474-1A3956D46DE8}") = "Task1", "Task1", "{438F6C1B-38E7-4DE3-944A-00353C90E2D9}"
EndProject
Project("{FAE04EC0-301F-11D3-BF4B-00C04F79EFBC}") = "Tyuiu.BaimuhametovaMD.Sprint3.Task1.V10.Lib", "Tyuiu.BaimuhametovaMD.Sprint3.Task1.V10.Lib\Tyuiu.BaimuhametovaMD.Sprint3.Task1.V10.Lib.csproj", "{A63EA789-DA2D-4045-9055-E8199937D290}"
EndProject
Project("{FAE04EC0-301F-11D3-BF4B-00C04F79EFBC}") = "Tyuiu.BaimuhametovaMD.Sprint3.Task1.V10.Test", "Tyuiu.BaimuhametovaMD.Sprint3.Task1.V10.Test\Tyuiu.BaimuhametovaMD.Sprint3.Task1.V10.Test.csproj", "{82E3D6F9-443D-461F-B328-D61555667663}"
EndProject
Project("{FAE04EC0-301F-11D3-BF4B-00C04F79EFBC}") = "Tyuiu.BaimuhametovaMD.Sprint3.Task1.V10", "Tyuiu.BaimuhametovaMD.Sprint3.Task1.V10\Tyuiu.BaimuhametovaMD.Sprint3.Task1.V10.csproj", "{99932F9A-DC8E-4584-9759-95F1E7751E0A}"
EndProject
Project("{2150E333-8FDC-42A3-9474-1A3956D46DE8}") = "Task2", "Task2", "{3E1AF10C-A309-413D-9AAD-633BBC419B6F}"
EndProject
Project("{FAE04EC0-301F-11D3-BF4B-00C04F79EFBC}") = "Tyuiu.BaimuhametovaMD.Sprint3.Task2.V30", "Tyuiu.BaimuhametovaMD.Sprint3.Task2.V30\Tyuiu.BaimuhametovaMD.Sprint3.Task2.V30.csproj", "{3B7995AD-1116-4AF4-9D88-6F02D1E6B82E}"
EndProject
Project("{FAE04EC0-301F-11D3-BF4B-00C04F79EFBC}") = "Tyuiu.BaimuhametovaMD.Sprint3.Task2.V30.Test", "Tyuiu.BaimuhametovaMD.Sprint3.Task2.V30.Test\Tyuiu.BaimuhametovaMD.Sprint3.Task2.V30.Test.csproj", "{818601E8-9DCA-47A6-B8B0-A8CC6427BF41}"
EndProject
Project("{FAE04EC0-301F-11D3-BF4B-00C04F79EFBC}") = "Tyuiu.BaimuhametovaMD.Sprint3.Task2.V30.Lib", "Tyuiu.BaimuhametovaMD.Sprint3.Task2.V30.Lib\Tyuiu.BaimuhametovaMD.Sprint3.Task2.V30.Lib.csproj", "{71006A6A-4B5F-496A-9474-DD53D4AB7498}"
EndProject
Project("{2150E333-8FDC-42A3-9474-1A3956D46DE8}") = "Task3", "Task3", "{D7FB6C1A-ADC7-4575-AB1C-3B1A13C43977}"
EndProject
Project("{FAE04EC0-301F-11D3-BF4B-00C04F79EFBC}") = "Tyuiu.BaimuhametovaMD.Sprint3.Task3.V5.Lib", "Tyuiu.BaimuhametovaMD.Sprint3.Task3.V5.Lib\Tyuiu.BaimuhametovaMD.Sprint3.Task3.V5.Lib.csproj", "{14DA0164-A1F1-4B02-9CFB-1A57E70723B1}"
EndProject
Project("{FAE04EC0-301F-11D3-BF4B-00C04F79EFBC}") = "Tyuiu.BaimuhametovaMD.Sprint3.Task3.V5.Test", "Tyuiu.BaimuhametovaMD.Sprint3.Task3.V5.Test\Tyuiu.BaimuhametovaMD.Sprint3.Task3.V5.Test.csproj", "{9FD7A2B4-5A9E-4687-9416-A8CA3CE284FF}"
EndProject
Project("{FAE04EC0-301F-11D3-BF4B-00C04F79EFBC}") = "Tyuiu.BaimuhametovaMD.Sprint3.Task3.V5", "Tyuiu.BaimuhametovaMD.Sprint3.Task3.V5\Tyuiu.BaimuhametovaMD.Sprint3.Task3.V5.csproj", "{6AB82A56-D5DF-4F53-BD58-8FCF74B3E363}"
EndProject
Project("{2150E333-8FDC-42A3-9474-1A3956D46DE8}") = "Task4", "Task4", "{59CECBBA-CC35-4B47-8E5B-3A4C536431FF}"
EndProject
Project("{FAE04EC0-301F-11D3-BF4B-00C04F79EFBC}") = "Tyuiu.BaimuhametovaMD.Sprint3.Task4.V5", "Tyuiu.BaimuhametovaMD.Sprint3.Task4.V5\Tyuiu.BaimuhametovaMD.Sprint3.Task4.V5.csproj", "{4905F286-D944-4532-A7CB-7C7C7DB6E990}"
EndProject
Project("{FAE04EC0-301F-11D3-BF4B-00C04F79EFBC}") = "Tyuiu.BaimuhametovaMD.Sprint3.Task4.V5.Test", "Tyuiu.BaimuhametovaMD.Sprint3.Task4.V5.Test\Tyuiu.BaimuhametovaMD.Sprint3.Task4.V5.Test.csproj", "{3A5AFD36-6192-416E-B6A9-1421A151F8D6}"
EndProject
Project("{FAE04EC0-301F-11D3-BF4B-00C04F79EFBC}") = "Tyuiu.BaimuhametovaMD.Sprint3.Task4.V5.Lib", "Tyuiu.BaimuhametovaMD.Sprint3.Task4.V5.Lib\Tyuiu.BaimuhametovaMD.Sprint3.Task4.V5.Lib.csproj", "{432BA6CD-7E80-4A76-B031-E1F169B3CE9D}"
EndProject
Global
	GlobalSection(SolutionConfigurationPlatforms) = preSolution
		Debug|Any CPU = Debug|Any CPU
		Release|Any CPU = Release|Any CPU
	EndGlobalSection
	GlobalSection(ProjectConfigurationPlatforms) = postSolution
		{ECA9BC06-E52B-4155-B9F9-AFD86684AB1C}.Debug|Any CPU.ActiveCfg = Debug|Any CPU
		{ECA9BC06-E52B-4155-B9F9-AFD86684AB1C}.Debug|Any CPU.Build.0 = Debug|Any CPU
		{ECA9BC06-E52B-4155-B9F9-AFD86684AB1C}.Release|Any CPU.ActiveCfg = Release|Any CPU
		{ECA9BC06-E52B-4155-B9F9-AFD86684AB1C}.Release|Any CPU.Build.0 = Release|Any CPU
		{134AF76B-7EE1-4215-8EB7-4465A411558D}.Debug|Any CPU.ActiveCfg = Debug|Any CPU
		{134AF76B-7EE1-4215-8EB7-4465A411558D}.Debug|Any CPU.Build.0 = Debug|Any CPU
		{134AF76B-7EE1-4215-8EB7-4465A411558D}.Release|Any CPU.ActiveCfg = Release|Any CPU
		{134AF76B-7EE1-4215-8EB7-4465A411558D}.Release|Any CPU.Build.0 = Release|Any CPU
		{88C72BC1-6080-4F06-B51D-3CB8DF628B19}.Debug|Any CPU.ActiveCfg = Debug|Any CPU
		{88C72BC1-6080-4F06-B51D-3CB8DF628B19}.Debug|Any CPU.Build.0 = Debug|Any CPU
		{88C72BC1-6080-4F06-B51D-3CB8DF628B19}.Release|Any CPU.ActiveCfg = Release|Any CPU
		{88C72BC1-6080-4F06-B51D-3CB8DF628B19}.Release|Any CPU.Build.0 = Release|Any CPU
		{A63EA789-DA2D-4045-9055-E8199937D290}.Debug|Any CPU.ActiveCfg = Debug|Any CPU
		{A63EA789-DA2D-4045-9055-E8199937D290}.Debug|Any CPU.Build.0 = Debug|Any CPU
		{A63EA789-DA2D-4045-9055-E8199937D290}.Release|Any CPU.ActiveCfg = Release|Any CPU
		{A63EA789-DA2D-4045-9055-E8199937D290}.Release|Any CPU.Build.0 = Release|Any CPU
		{82E3D6F9-443D-461F-B328-D61555667663}.Debug|Any CPU.ActiveCfg = Debug|Any CPU
		{82E3D6F9-443D-461F-B328-D61555667663}.Debug|Any CPU.Build.0 = Debug|Any CPU
		{82E3D6F9-443D-461F-B328-D61555667663}.Release|Any CPU.ActiveCfg = Release|Any CPU
		{82E3D6F9-443D-461F-B328-D61555667663}.Release|Any CPU.Build.0 = Release|Any CPU
		{99932F9A-DC8E-4584-9759-95F1E7751E0A}.Debug|Any CPU.ActiveCfg = Debug|Any CPU
		{99932F9A-DC8E-4584-9759-95F1E7751E0A}.Debug|Any CPU.Build.0 = Debug|Any CPU
		{99932F9A-DC8E-4584-9759-95F1E7751E0A}.Release|Any CPU.ActiveCfg = Release|Any CPU
		{99932F9A-DC8E-4584-9759-95F1E7751E0A}.Release|Any CPU.Build.0 = Release|Any CPU
		{3B7995AD-1116-4AF4-9D88-6F02D1E6B82E}.Debug|Any CPU.ActiveCfg = Debug|Any CPU
		{3B7995AD-1116-4AF4-9D88-6F02D1E6B82E}.Debug|Any CPU.Build.0 = Debug|Any CPU
		{3B7995AD-1116-4AF4-9D88-6F02D1E6B82E}.Release|Any CPU.ActiveCfg = Release|Any CPU
		{3B7995AD-1116-4AF4-9D88-6F02D1E6B82E}.Release|Any CPU.Build.0 = Release|Any CPU
		{818601E8-9DCA-47A6-B8B0-A8CC6427BF41}.Debug|Any CPU.ActiveCfg = Debug|Any CPU
		{818601E8-9DCA-47A6-B8B0-A8CC6427BF41}.Debug|Any CPU.Build.0 = Debug|Any CPU
		{818601E8-9DCA-47A6-B8B0-A8CC6427BF41}.Release|Any CPU.ActiveCfg = Release|Any CPU
		{818601E8-9DCA-47A6-B8B0-A8CC6427BF41}.Release|Any CPU.Build.0 = Release|Any CPU
		{71006A6A-4B5F-496A-9474-DD53D4AB7498}.Debug|Any CPU.ActiveCfg = Debug|Any CPU
		{71006A6A-4B5F-496A-9474-DD53D4AB7498}.Debug|Any CPU.Build.0 = Debug|Any CPU
		{71006A6A-4B5F-496A-9474-DD53D4AB7498}.Release|Any CPU.ActiveCfg = Release|Any CPU
		{71006A6A-4B5F-496A-9474-DD53D4AB7498}.Release|Any CPU.Build.0 = Release|Any CPU
		{14DA0164-A1F1-4B02-9CFB-1A57E70723B1}.Debug|Any CPU.ActiveCfg = Debug|Any CPU
		{14DA0164-A1F1-4B02-9CFB-1A57E70723B1}.Debug|Any CPU.Build.0 = Debug|Any CPU
		{14DA0164-A1F1-4B02-9CFB-1A57E70723B1}.Release|Any CPU.ActiveCfg = Release|Any CPU
		{14DA0164-A1F1-4B02-9CFB-1A57E70723B1}.Release|Any CPU.Build.0 = Release|Any CPU
		{9FD7A2B4-5A9E-4687-9416-A8CA3CE284FF}.Debug|Any CPU.ActiveCfg = Debug|Any CPU
		{9FD7A2B4-5A9E-4687-9416-A8CA3CE284FF}.Debug|Any CPU.Build.0 = Debug|Any CPU
		{9FD7A2B4-5A9E-4687-9416-A8CA3CE284FF}.Release|Any CPU.ActiveCfg = Release|Any CPU
		{9FD7A2B4-5A9E-4687-9416-A8CA3CE284FF}.Release|Any CPU.Build.0 = Release|Any CPU
		{6AB82A56-D5DF-4F53-BD58-8FCF74B3E363}.Debug|Any CPU.ActiveCfg = Debug|Any CPU
		{6AB82A56-D5DF-4F53-BD58-8FCF74B3E363}.Debug|Any CPU.Build.0 = Debug|Any CPU
		{6AB82A56-D5DF-4F53-BD58-8FCF74B3E363}.Release|Any CPU.ActiveCfg = Release|Any CPU
		{6AB82A56-D5DF-4F53-BD58-8FCF74B3E363}.Release|Any CPU.Build.0 = Release|Any CPU
		{4905F286-D944-4532-A7CB-7C7C7DB6E990}.Debug|Any CPU.ActiveCfg = Debug|Any CPU
		{4905F286-D944-4532-A7CB-7C7C7DB6E990}.Debug|Any CPU.Build.0 = Debug|Any CPU
		{4905F286-D944-4532-A7CB-7C7C7DB6E990}.Release|Any CPU.ActiveCfg = Release|Any CPU
		{4905F286-D944-4532-A7CB-7C7C7DB6E990}.Release|Any CPU.Build.0 = Release|Any CPU
		{3A5AFD36-6192-416E-B6A9-1421A151F8D6}.Debug|Any CPU.ActiveCfg = Debug|Any CPU
		{3A5AFD36-6192-416E-B6A9-1421A151F8D6}.Debug|Any CPU.Build.0 = Debug|Any CPU
		{3A5AFD36-6192-416E-B6A9-1421A151F8D6}.Release|Any CPU.ActiveCfg = Release|Any CPU
		{3A5AFD36-6192-416E-B6A9-1421A151F8D6}.Release|Any CPU.Build.0 = Release|Any CPU
		{432BA6CD-7E80-4A76-B031-E1F169B3CE9D}.Debug|Any CPU.ActiveCfg = Debug|Any CPU
		{432BA6CD-7E80-4A76-B031-E1F169B3CE9D}.Debug|Any CPU.Build.0 = Debug|Any CPU
		{432BA6CD-7E80-4A76-B031-E1F169B3CE9D}.Release|Any CPU.ActiveCfg = Release|Any CPU
		{432BA6CD-7E80-4A76-B031-E1F169B3CE9D}.Release|Any CPU.Build.0 = Release|Any CPU
	EndGlobalSection
	GlobalSection(SolutionProperties) = preSolution
		HideSolutionNode = FALSE
	EndGlobalSection
	GlobalSection(NestedProjects) = preSolution
		{ECA9BC06-E52B-4155-B9F9-AFD86684AB1C} = {A93E933F-E8CB-49A5-B79E-3DB0E28A9006}
		{134AF76B-7EE1-4215-8EB7-4465A411558D} = {A93E933F-E8CB-49A5-B79E-3DB0E28A9006}
		{88C72BC1-6080-4F06-B51D-3CB8DF628B19} = {A93E933F-E8CB-49A5-B79E-3DB0E28A9006}
		{A63EA789-DA2D-4045-9055-E8199937D290} = {438F6C1B-38E7-4DE3-944A-00353C90E2D9}
		{82E3D6F9-443D-461F-B328-D61555667663} = {438F6C1B-38E7-4DE3-944A-00353C90E2D9}
		{99932F9A-DC8E-4584-9759-95F1E7751E0A} = {438F6C1B-38E7-4DE3-944A-00353C90E2D9}
		{3B7995AD-1116-4AF4-9D88-6F02D1E6B82E} = {3E1AF10C-A309-413D-9AAD-633BBC419B6F}
		{818601E8-9DCA-47A6-B8B0-A8CC6427BF41} = {3E1AF10C-A309-413D-9AAD-633BBC419B6F}
		{71006A6A-4B5F-496A-9474-DD53D4AB7498} = {3E1AF10C-A309-413D-9AAD-633BBC419B6F}
		{14DA0164-A1F1-4B02-9CFB-1A57E70723B1} = {D7FB6C1A-ADC7-4575-AB1C-3B1A13C43977}
		{9FD7A2B4-5A9E-4687-9416-A8CA3CE284FF} = {D7FB6C1A-ADC7-4575-AB1C-3B1A13C43977}
		{6AB82A56-D5DF-4F53-BD58-8FCF74B3E363} = {D7FB6C1A-ADC7-4575-AB1C-3B1A13C43977}
		{4905F286-D944-4532-A7CB-7C7C7DB6E990} = {59CECBBA-CC35-4B47-8E5B-3A4C536431FF}
		{3A5AFD36-6192-416E-B6A9-1421A151F8D6} = {59CECBBA-CC35-4B47-8E5B-3A4C536431FF}
		{432BA6CD-7E80-4A76-B031-E1F169B3CE9D} = {59CECBBA-CC35-4B47-8E5B-3A4C536431FF}
	EndGlobalSection
	GlobalSection(ExtensibilityGlobals) = postSolution
		SolutionGuid = {2ED30027-8695-4ECD-813C-FC95E14D2881}
	EndGlobalSection
EndGlobal
